
Microsoft Visual Studio Solution File, Format Version 12.00
# Visual Studio Version 17
VisualStudioVersion = 17.3.32811.315
MinimumVisualStudioVersion = 10.0.40219.1
Project("{E24C65DC-7377-472B-9ABA-BC803B73C61A}") = "PerformanceCenterReservation_Demo", ".", "{91851F9E-11C8-41C7-87AC-0379CCCDA8C5}"
	ProjectSection(WebsiteProperties) = preProject
		TargetFrameworkMoniker = ".NETFramework,Version%3Dv4.7.2"
		Debug.AspNetCompiler.VirtualPath = "/localhost_51170"
		Debug.AspNetCompiler.PhysicalPath = "..\PerformanceCenterReservation_Demo\"
		Debug.AspNetCompiler.TargetPath = "PrecompiledWeb\localhost_51170\"
		Debug.AspNetCompiler.Updateable = "true"
		Debug.AspNetCompiler.ForceOverwrite = "true"
		Debug.AspNetCompiler.FixedNames = "false"
		Debug.AspNetCompiler.Debug = "True"
		Release.AspNetCompiler.VirtualPath = "/localhost_51170"
		Release.AspNetCompiler.PhysicalPath = "..\PerformanceCenterReservation_Demo\"
		Release.AspNetCompiler.TargetPath = "PrecompiledWeb\localhost_51170\"
		Release.AspNetCompiler.Updateable = "true"
		Release.AspNetCompiler.ForceOverwrite = "true"
		Release.AspNetCompiler.FixedNames = "false"
		Release.AspNetCompiler.Debug = "False"
		VWDPort = "51170"
		SlnRelativePath = "..\PerformanceCenterReservation_Demo\"
		DefaultWebSiteLanguage = "Visual C#"
	EndProjectSection
EndProject
Global
	GlobalSection(SolutionConfigurationPlatforms) = preSolution
		Debug|Any CPU = Debug|Any CPU
	EndGlobalSection
	GlobalSection(ProjectConfigurationPlatforms) = postSolution
		{91851F9E-11C8-41C7-87AC-0379CCCDA8C5}.Debug|Any CPU.ActiveCfg = Debug|Any CPU
		{91851F9E-11C8-41C7-87AC-0379CCCDA8C5}.Debug|Any CPU.Build.0 = Debug|Any CPU
	EndGlobalSection
	GlobalSection(SolutionProperties) = preSolution
		HideSolutionNode = FALSE
	EndGlobalSection
	GlobalSection(ExtensibilityGlobals) = postSolution
		SolutionGuid = {AD9A0E00-6EB2-407A-8E07-C429ADF31029}
	EndGlobalSection
EndGlobal
